{
    "_meta": {
        "hash": {
            "sha256": "ac1469bb94896e1532ee7395151587fbea0a19cecb1c2ba90e11aa5cf5d49628"
        },
        "pipfile-spec": 6,
        "requires": {
            "python_version": "3.7"
        },
        "sources": [
            {
                "name": "pypi",
                "url": "https://pypi.org/simple",
                "verify_ssl": true
            }
        ]
    },
    "default": {
        "jsonlines": {
            "hashes": [
                "sha256:0ebd5b0c3efe0d4b5018b320fb0ee1a7b680ab39f6eb853715859f818d386cc8",
                "sha256:43b8d5588a9d4862c8a4a49580e38e20ec595aee7ad6fe469b10fb83fbefde88"
            ],
            "index": "pypi",
            "version": "==1.2.0"
        },
        "six": {
            "hashes": [
                "sha256:236bdbdce46e6e6a3d61a337c0f8b763ca1e8717c03b369e87a7ec7ce1319c0a",
                "sha256:8f3cd2e254d8f793e7f3d6d9df77b92252b52637291d0f0da013c76ea2724b6c"
            ],
            "version": "==1.14.0"
        }
    },
    "develop": {}
}
